// !$*UTF8*$!
{
	archiveVersion = 1;
	classes = {
	};
	objectVersion = 46;
	objects = {

/* Begin PBXBuildFile section */
		402231B41A352A300080CD94 /* AppDelegate.swift in Sources */ = {isa = PBXBuildFile; fileRef = 402231B31A352A300080CD94 /* AppDelegate.swift */; };
		402231B61A352A300080CD94 /* ViewController.swift in Sources */ = {isa = PBXBuildFile; fileRef = 402231B51A352A300080CD94 /* ViewController.swift */; };
		402231B91A352A300080CD94 /* Main.storyboard in Resources */ = {isa = PBXBuildFile; fileRef = 402231B71A352A300080CD94 /* Main.storyboard */; };
		402231BB1A352A300080CD94 /* Images.xcassets in Resources */ = {isa = PBXBuildFile; fileRef = 402231BA1A352A300080CD94 /* Images.xcassets */; };
		402231BE1A352A300080CD94 /* LaunchScreen.xib in Resources */ = {isa = PBXBuildFile; fileRef = 402231BC1A352A300080CD94 /* LaunchScreen.xib */; };
		402231CA1A352A300080CD94 /* NumberGuessTests.swift in Sources */ = {isa = PBXBuildFile; fileRef = 402231C91A352A300080CD94 /* NumberGuessTests.swift */; };
/* End PBXBuildFile section */

/* Begin PBXContainerItemProxy section */
		402231C41A352A300080CD94 /* PBXContainerItemProxy */ = {
			isa = PBXContainerItemProxy;
			containerPortal = 402231A61A352A300080CD94 /* Project object */;
			proxyType = 1;
			remoteGlobalIDString = 402231AD1A352A300080CD94;
			remoteInfo = NumberGuess;
		};
/* End PBXContainerItemProxy section */

/* Begin PBXFileReference section */
		402231AE1A352A300080CD94 /* NumberGuess.app */ = {isa = PBXFileReference; explicitFileType = wrapper.application; includeInIndex = 0; path = NumberGuess.app; sourceTree = BUILT_PRODUCTS_DIR; };
		402231B21A352A300080CD94 /* Info.plist */ = {isa = PBXFileReference; lastKnownFileType = text.plist.xml; path = Info.plist; sourceTree = "<group>"; };
		402231B31A352A300080CD94 /* AppDelegate.swift */ = {isa = PBXFileReference; lastKnownFileType = sourcecode.swift; path = AppDelegate.swift; sourceTree = "<group>"; };
		402231B51A352A300080CD94 /* ViewController.swift */ = {isa = PBXFileReference; lastKnownFileType = sourcecode.swift; path = ViewController.swift; sourceTree = "<group>"; };
		402231B81A352A300080CD94 /* Base */ = {isa = PBXFileReference; lastKnownFileType = file.storyboard; name = Base; path = Base.lproj/Main.storyboard; sourceTree = "<group>"; };
		402231BA1A352A300080CD94 /* Images.xcassets */ = {isa = PBXFileReference; lastKnownFileType = folder.assetcatalog; path = Images.xcassets; sourceTree = "<group>"; };
		402231BD1A352A300080CD94 /* Base */ = {isa = PBXFileReference; lastKnownFileType = file.xib; name = Base; path = Base.lproj/LaunchScreen.xib; sourceTree = "<group>"; };
		402231C31A352A300080CD94 /* NumberGuessTests.xctest */ = {isa = PBXFileReference; explicitFileType = wrapper.cfbundle; includeInIndex = 0; path = NumberGuessTests.xctest; sourceTree = BUILT_PRODUCTS_DIR; };
		402231C81A352A300080CD94 /* Info.plist */ = {isa = PBXFileReference; lastKnownFileType = text.plist.xml; path = Info.plist; sourceTree = "<group>"; };
		402231C91A352A300080CD94 /* NumberGuessTests.swift */ = {isa = PBXFileReference; lastKnownFileType = sourcecode.swift; path = NumberGuessTests.swift; sourceTree = "<group>"; };
/* End PBXFileReference section */

/* Begin PBXFrameworksBuildPhase section */
		402231AB1A352A300080CD94 /* Frameworks */ = {
			isa = PBXFrameworksBuildPhase;
			buildActionMask = 2147483647;
			files = (
			);
			runOnlyForDeploymentPostprocessing = 0;
		};
		402231C01A352A300080CD94 /* Frameworks */ = {
			isa = PBXFrameworksBuildPhase;
			buildActionMask = 2147483647;
			files = (
			);
			runOnlyForDeploymentPostprocessing = 0;
		};
/* End PBXFrameworksBuildPhase section */

/* Begin PBXGroup section */
		402231A51A352A300080CD94 = {
			isa = PBXGroup;
			children = (
				402231B01A352A300080CD94 /* NumberGuess */,
				402231C61A352A300080CD94 /* NumberGuessTests */,
				402231AF1A352A300080CD94 /* Products */,
			);
			sourceTree = "<group>";
		};
		402231AF1A352A300080CD94 /* Products */ = {
			isa = PBXGroup;
			children = (
				402231AE1A352A300080CD94 /* NumberGuess.app */,
				402231C31A352A300080CD94 /* NumberGuessTests.xctest */,
			);
			name = Products;
			sourceTree = "<group>";
		};
		402231B01A352A300080CD94 /* NumberGuess */ = {
			isa = PBXGroup;
			children = (
				402231B31A352A300080CD94 /* AppDelegate.swift */,
				402231B51A352A300080CD94 /* ViewController.swift */,
				402231B71A352A300080CD94 /* Main.storyboard */,
				402231BA1A352A300080CD94 /* Images.xcassets */,
				402231BC1A352A300080CD94 /* LaunchScreen.xib */,
				402231B11A352A300080CD94 /* Supporting Files */,
			);
			path = NumberGuess;
			sourceTree = "<group>";
		};
		402231B11A352A300080CD94 /* Supporting Files */ = {
			isa = PBXGroup;
			children = (
				402231B21A352A300080CD94 /* Info.plist */,
			);
			name = "Supporting Files";
			sourceTree = "<group>";
		};
		402231C61A352A300080CD94 /* NumberGuessTests */ = {
			isa = PBXGroup;
			children = (
				402231C91A352A300080CD94 /* NumberGuessTests.swift */,
				402231C71A352A300080CD94 /* Supporting Files */,
			);
			path = NumberGuessTests;
			sourceTree = "<group>";
		};
		402231C71A352A300080CD94 /* Supporting Files */ = {
			isa = PBXGroup;
			children = (
				402231C81A352A300080CD94 /* Info.plist */,
			);
			name = "Supporting Files";
			sourceTree = "<group>";
		};
/* End PBXGroup section */

/* Begin PBXNativeTarget section */
		402231AD1A352A300080CD94 /* NumberGuess */ = {
			isa = PBXNativeTarget;
			buildConfigurationList = 402231CD1A352A300080CD94 /* Build configuration list for PBXNativeTarget "NumberGuess" */;
			buildPhases = (
				402231AA1A352A300080CD94 /* Sources */,
				402231AB1A352A300080CD94 /* Frameworks */,
				402231AC1A352A300080CD94 /* Resources */,
			);
			buildRules = (
			);
			dependencies = (
			);
			name = NumberGuess;
			productName = NumberGuess;
			productReference = 402231AE1A352A300080CD94 /* NumberGuess.app */;
			productType = "com.apple.product-type.application";
		};
		402231C21A352A300080CD94 /* NumberGuessTests */ = {
			isa = PBXNativeTarget;
			buildConfigurationList = 402231D01A352A300080CD94 /* Build configuration list for PBXNativeTarget "NumberGuessTests" */;
			buildPhases = (
				402231BF1A352A300080CD94 /* Sources */,
				402231C01A352A300080CD94 /* Frameworks */,
				402231C11A352A300080CD94 /* Resources */,
			);
			buildRules = (
			);
			dependencies = (
				402231C51A352A300080CD94 /* PBXTargetDependency */,
			);
			name = NumberGuessTests;
			productName = NumberGuessTests;
			productReference = 402231C31A352A300080CD94 /* NumberGuessTests.xctest */;
			productType = "com.apple.product-type.bundle.unit-test";
		};
/* End PBXNativeTarget section */

/* Begin PBXProject section */
		402231A61A352A300080CD94 /* Project object */ = {
			isa = PBXProject;
			attributes = {
				LastUpgradeCheck = 0610;
				ORGANIZATIONNAME = dcryan;
				TargetAttributes = {
					402231AD1A352A300080CD94 = {
						CreatedOnToolsVersion = 6.1;
					};
					402231C21A352A300080CD94 = {
						CreatedOnToolsVersion = 6.1;
						TestTargetID = 402231AD1A352A300080CD94;
					};
				};
			};
			buildConfigurationList = 402231A91A352A300080CD94 /* Build configuration list for PBXProject "NumberGuess" */;
			compatibilityVersion = "Xcode 3.2";
			developmentRegion = English;
			hasScannedForEncodings = 0;
			knownRegions = (
				en,
				Base,
			);
			mainGroup = 402231A51A352A300080CD94;
			productRefGroup = 402231AF1A352A300080CD94 /* Products */;
			projectDirPath = "";
			projectRoot = "";
			targets = (
				402231AD1A352A300080CD94 /* NumberGuess */,
				402231C21A352A300080CD94 /* NumberGuessTests */,
			);
		};
/* End PBXProject section */

/* Begin PBXResourcesBuildPhase section */
		402231AC1A352A300080CD94 /* Resources */ = {
			isa = PBXResourcesBuildPhase;
			buildActionMask = 2147483647;
			files = (
				402231B91A352A300080CD94 /* Main.storyboard in Resources */,
				402231BE1A352A300080CD94 /* LaunchScreen.xib in Resources */,
				402231BB1A352A300080CD94 /* Images.xcassets in Resources */,
			);
			runOnlyForDeploymentPostprocessing = 0;
		};
		402231C11A352A300080CD94 /* Resources */ = {
			isa = PBXResourcesBuildPhase;
			buildActionMask = 2147483647;
			files = (
			);
			runOnlyForDeploymentPostprocessing = 0;
		};
/* End PBXResourcesBuildPhase section */

/* Begin PBXSourcesBuildPhase section */
		402231AA1A352A300080CD94 /* Sources */ = {
			isa = PBXSourcesBuildPhase;
			buildActionMask = 2147483647;
			files = (
				402231B61A352A300080CD94 /* ViewController.swift in Sources */,
				402231B41A352A300080CD94 /* AppDelegate.swift in Sources */,
			);
			runOnlyForDeploymentPostprocessing = 0;
		};
		402231BF1A352A300080CD94 /* Sources */ = {
			isa = PBXSourcesBuildPhase;
			buildActionMask = 2147483647;
			files = (
				402231CA1A352A300080CD94 /* NumberGuessTests.swift in Sources */,
			);
			runOnlyForDeploymentPostprocessing = 0;
		};
/* End PBXSourcesBuildPhase section */

/* Begin PBXTargetDependency section */
		402231C51A352A300080CD94 /* PBXTargetDependency */ = {
			isa = PBXTargetDependency;
			target = 402231AD1A352A300080CD94 /* NumberGuess */;
			targetProxy = 402231C41A352A300080CD94 /* PBXContainerItemProxy */;
		};
/* End PBXTargetDependency section */

/* Begin PBXVariantGroup section */
		402231B71A352A300080CD94 /* Main.storyboard */ = {
			isa = PBXVariantGroup;
			children = (
				402231B81A352A300080CD94 /* Base */,
			);
			name = Main.storyboard;
			sourceTree = "<group>";
		};
		402231BC1A352A300080CD94 /* LaunchScreen.xib */ = {
			isa = PBXVariantGroup;
			children = (
				402231BD1A352A300080CD94 /* Base */,
			);
			name = LaunchScreen.xib;
			sourceTree = "<group>";
		};
/* End PBXVariantGroup section */

/* Begin XCBuildConfiguration section */
		402231CB1A352A300080CD94 /* Debug */ = {
			isa = XCBuildConfiguration;
			buildSettings = {
				ALWAYS_SEARCH_USER_PATHS = NO;
				CLANG_CXX_LANGUAGE_STANDARD = "gnu++0x";
				CLANG_CXX_LIBRARY = "libc++";
				CLANG_ENABLE_MODULES = YES;
				CLANG_ENABLE_OBJC_ARC = YES;
				CLANG_WARN_BOOL_CONVERSION = YES;
				CLANG_WARN_CONSTANT_CONVERSION = YES;
				CLANG_WARN_DIRECT_OBJC_ISA_USAGE = YES_ERROR;
				CLANG_WARN_EMPTY_BODY = YES;
				CLANG_WARN_ENUM_CONVERSION = YES;
				CLANG_WARN_INT_CONVERSION = YES;
				CLANG_WARN_OBJC_ROOT_CLASS = YES_ERROR;
				CLANG_WARN_UNREACHABLE_CODE = YES;
				CLANG_WARN__DUPLICATE_METHOD_MATCH = YES;
				"CODE_SIGN_IDENTITY[sdk=iphoneos*]" = "iPhone Developer";
				COPY_PHASE_STRIP = NO;
				ENABLE_STRICT_OBJC_MSGSEND = YES;
				GCC_C_LANGUAGE_STANDARD = gnu99;
				GCC_DYNAMIC_NO_PIC = NO;
				GCC_OPTIMIZATION_LEVEL = 0;
				GCC_PREPROCESSOR_DEFINITIONS = (
					"DEBUG=1",
					"$(inherited)",
				);
				GCC_SYMBOLS_PRIVATE_EXTERN = NO;
				GCC_WARN_64_TO_32_BIT_CONVERSION = YES;
				GCC_WARN_ABOUT_RETURN_TYPE = YES_ERROR;
				GCC_WARN_UNDECLARED_SELECTOR = YES;
				GCC_WARN_UNINITIALIZED_AUTOS = YES_AGGRESSIVE;
				GCC_WARN_UNUSED_FUNCTION = YES;
				GCC_WARN_UNUSED_VARIABLE = YES;
				IPHONEOS_DEPLOYMENT_TARGET = 8.1;
				MTL_ENABLE_DEBUG_INFO = YES;
				ONLY_ACTIVE_ARCH = YES;
				SDKROOT = iphoneos;
				SWIFT_OPTIMIZATION_LEVEL = "-Onone";
			};
			name = Debug;
		};
		402231CC1A352A300080CD94 /* Release */ = {
			isa = XCBuildConfiguration;
			buildSettings = {
				ALWAYS_SEARCH_USER_PATHS = NO;
				CLANG_CXX_LANGUAGE_STANDARD = "gnu++0x";
				CLANG_CXX_LIBRARY = "libc++";
				CLANG_ENABLE_MODULES = YES;
				CLANG_ENABLE_OBJC_ARC = YES;
				CLANG_WARN_BOOL_CONVERSION = YES;
				CLANG_WARN_CONSTANT_CONVERSION = YES;
				CLANG_WARN_DIRECT_OBJC_ISA_USAGE = YES_ERROR;
				CLANG_WARN_EMPTY_BODY = YES;
				CLANG_WARN_ENUM_CONVERSION = YES;
				CLANG_WARN_INT_CONVERSION = YES;
				CLANG_WARN_OBJC_ROOT_CLASS = YES_ERROR;
				CLANG_WARN_UNREACHABLE_CODE = YES;
				CLANG_WARN__DUPLICATE_METHOD_MATCH = YES;
				"CODE_SIGN_IDENTITY[sdk=iphoneos*]" = "iPhone Developer";
				COPY_PHASE_STRIP = YES;
				ENABLE_NS_ASSERTIONS = NO;
				ENABLE_STRICT_OBJC_MSGSEND = YES;
				GCC_C_LANGUAGE_STANDARD = gnu99;
				GCC_WARN_64_TO_32_BIT_CONVERSION = YES;
				GCC_WARN_ABOUT_RETURN_TYPE = YES_ERROR;
				GCC_WARN_UNDECLARED_SELECTOR = YES;
				GCC_WARN_UNINITIALIZED_AUTOS = YES_AGGRESSIVE;
				GCC_WARN_UNUSED_FUNCTION = YES;
				GCC_WARN_UNUSED_VARIABLE = YES;
				IPHONEOS_DEPLOYMENT_TARGET = 8.1;
				MTL_ENABLE_DEBUG_INFO = NO;
				SDKROOT = iphoneos;
				VALIDATE_PRODUCT = YES;
			};
			name = Release;
		};
		402231CE1A352A300080CD94 /* Debug */ = {
			isa = XCBuildConfiguration;
			buildSettings = {
				ASSETCATALOG_COMPILER_APPICON_NAME = AppIcon;
				INFOPLIST_FILE = NumberGuess/Info.plist;
				LD_RUNPATH_SEARCH_PATHS = "$(inherited) @executable_path/Frameworks";
				PRODUCT_NAME = "$(TARGET_NAME)";
			};
			name = Debug;
		};
		402231CF1A352A300080CD94 /* Release */ = {
			isa = XCBuildConfiguration;
			buildSettings = {
				ASSETCATALOG_COMPILER_APPICON_NAME = AppIcon;
				INFOPLIST_FILE = NumberGuess/Info.plist;
				LD_RUNPATH_SEARCH_PATHS = "$(inherited) @executable_path/Frameworks";
				PRODUCT_NAME = "$(TARGET_NAME)";
			};
			name = Release;
		};
		402231D11A352A300080CD94 /* Debug */ = {
			isa = XCBuildConfiguration;
			buildSettings = {
				BUNDLE_LOADER = "$(TEST_HOST)";
				FRAMEWORK_SEARCH_PATHS = (
					"$(SDKROOT)/Developer/Library/Frameworks",
					"$(inherited)",
				);
				GCC_PREPROCESSOR_DEFINITIONS = (
					"DEBUG=1",
					"$(inherited)",
				);
				INFOPLIST_FILE = NumberGuessTests/Info.plist;
				LD_RUNPATH_SEARCH_PATHS = "$(inherited) @executable_path/Frameworks @loader_path/Frameworks";
				PRODUCT_NAME = "$(TARGET_NAME)";
				TEST_HOST = "$(BUILT_PRODUCTS_DIR)/NumberGuess.app/NumberGuess";
			};
			name = Debug;
		};
		402231D21A352A300080CD94 /* Release */ = {
			isa = XCBuildConfiguration;
			buildSettings = {
				BUNDLE_LOADER = "$(TEST_HOST)";
				FRAMEWORK_SEARCH_PATHS = (
					"$(SDKROOT)/Developer/Library/Frameworks",
					"$(inherited)",
				);
				INFOPLIST_FILE = NumberGuessTests/Info.plist;
				LD_RUNPATH_SEARCH_PATHS = "$(inherited) @executable_path/Frameworks @loader_path/Frameworks";
				PRODUCT_NAME = "$(TARGET_NAME)";
				TEST_HOST = "$(BUILT_PRODUCTS_DIR)/NumberGuess.app/NumberGuess";
			};
			name = Release;
		};
/* End XCBuildConfiguration section */

/* Begin XCConfigurationList section */
		402231A91A352A300080CD94 /* Build configuration list for PBXProject "NumberGuess" */ = {
			isa = XCConfigurationList;
			buildConfigurations = (
				402231CB1A352A300080CD94 /* Debug */,
				402231CC1A352A300080CD94 /* Release */,
			);
			defaultConfigurationIsVisible = 0;
			defaultConfigurationName = Release;
		};
		402231CD1A352A300080CD94 /* Build configuration list for PBXNativeTarget "NumberGuess" */ = {
			isa = XCConfigurationList;
			buildConfigurations = (
				402231CE1A352A300080CD94 /* Debug */,
				402231CF1A352A300080CD94 /* Release */,
			);
			defaultConfigurationIsVisible = 0;
		};
		402231D01A352A300080CD94 /* Build configuration list for PBXNativeTarget "NumberGuessTests" */ = {
			isa = XCConfigurationList;
			buildConfigurations = (
				402231D11A352A300080CD94 /* Debug */,
				402231D21A352A300080CD94 /* Release */,
			);
			defaultConfigurationIsVisible = 0;
		};
/* End XCConfigurationList section */
	};
	rootObject = 402231A61A352A300080CD94 /* Project object */;
}
